
Microsoft Visual Studio Solution File, Format Version 12.00
# Visual Studio Version 17
VisualStudioVersion = 17.0.31903.59
MinimumVisualStudioVersion = 10.0.40219.1
Project("{FAE04EC0-301F-11D3-BF4B-00C04F79EFBC}") = "FormulaAirLine.API", "FormulaAirLine.API\FormulaAirLine.API.csproj", "{C09A1C17-7F40-446C-B2E5-ECBA2D45CE4E}"
EndProject
Project("{FAE04EC0-301F-11D3-BF4B-00C04F79EFBC}") = "FormulaAirLine.TicketProcessing", "FormulaAirLine.TicketProcessing\FormulaAirLine.TicketProcessing.csproj", "{9FF7AC04-7280-4198-B31A-C60BA30FC0C3}"
EndProject
Global
	GlobalSection(SolutionConfigurationPlatforms) = preSolution
		Debug|Any CPU = Debug|Any CPU
		Release|Any CPU = Release|Any CPU
	EndGlobalSection
	GlobalSection(SolutionProperties) = preSolution
		HideSolutionNode = FALSE
	EndGlobalSection
	GlobalSection(ProjectConfigurationPlatforms) = postSolution
		{C09A1C17-7F40-446C-B2E5-ECBA2D45CE4E}.Debug|Any CPU.ActiveCfg = Debug|Any CPU
		{C09A1C17-7F40-446C-B2E5-ECBA2D45CE4E}.Debug|Any CPU.Build.0 = Debug|Any CPU
		{C09A1C17-7F40-446C-B2E5-ECBA2D45CE4E}.Release|Any CPU.ActiveCfg = Release|Any CPU
		{C09A1C17-7F40-446C-B2E5-ECBA2D45CE4E}.Release|Any CPU.Build.0 = Release|Any CPU
		{9FF7AC04-7280-4198-B31A-C60BA30FC0C3}.Debug|Any CPU.ActiveCfg = Debug|Any CPU
		{9FF7AC04-7280-4198-B31A-C60BA30FC0C3}.Debug|Any CPU.Build.0 = Debug|Any CPU
		{9FF7AC04-7280-4198-B31A-C60BA30FC0C3}.Release|Any CPU.ActiveCfg = Release|Any CPU
		{9FF7AC04-7280-4198-B31A-C60BA30FC0C3}.Release|Any CPU.Build.0 = Release|Any CPU
	EndGlobalSection
EndGlobal
